{
  "name": "mi-proyecto-node",
  "version": "1.0.0",
  "lockfileVersion": 3,
  "requires": true,
  "packages": {
    "": {
      "name": "mi-proyecto-node",
      "version": "1.0.0",
      "license": "ISC",
      "dependencies": {
        "proyecto2": "^0.1.0"
      }
    },
    "node_modules/proyecto2": {
      "version": "0.1.0",
      "resolved": "https://registry.npmjs.org/proyecto2/-/proyecto2-0.1.0.tgz",
      "integrity": "sha512-Px2YPw0k1QeqczeuRp+k3eHrUcIRTmtu0hVbXFY8PScBExvdAIX9TtXnno73lIcfTIlTD7CHIZU4e6hjtBUpPw=="
    }
  }
}
